
Microsoft Visual Studio Solution File, Format Version 12.00
# Visual Studio 15
VisualStudioVersion = 15.0.27130.2036
MinimumVisualStudioVersion = 10.0.40219.1
Project("{FAE04EC0-301F-11D3-BF4B-00C04F79EFBC}") = "Matricies", "Matricies\Matricies.csproj", "{60ED04C1-1D5F-4224-8CB8-5D5D8CA2BB6A}"
EndProject
Project("{FAE04EC0-301F-11D3-BF4B-00C04F79EFBC}") = "Project3", "Project3\Project3.csproj", "{BAF9549A-36C9-4C9B-914D-EF2D04EAFBE4}"
	ProjectSection(ProjectDependencies) = postProject
		{60ED04C1-1D5F-4224-8CB8-5D5D8CA2BB6A} = {60ED04C1-1D5F-4224-8CB8-5D5D8CA2BB6A}
	EndProjectSection
EndProject
Global
	GlobalSection(SolutionConfigurationPlatforms) = preSolution
		Debug|Any CPU = Debug|Any CPU
		Release|Any CPU = Release|Any CPU
	EndGlobalSection
	GlobalSection(ProjectConfigurationPlatforms) = postSolution
		{60ED04C1-1D5F-4224-8CB8-5D5D8CA2BB6A}.Debug|Any CPU.ActiveCfg = Debug|Any CPU
		{60ED04C1-1D5F-4224-8CB8-5D5D8CA2BB6A}.Debug|Any CPU.Build.0 = Debug|Any CPU
		{60ED04C1-1D5F-4224-8CB8-5D5D8CA2BB6A}.Release|Any CPU.ActiveCfg = Release|Any CPU
		{60ED04C1-1D5F-4224-8CB8-5D5D8CA2BB6A}.Release|Any CPU.Build.0 = Release|Any CPU
		{BAF9549A-36C9-4C9B-914D-EF2D04EAFBE4}.Debug|Any CPU.ActiveCfg = Debug|Any CPU
		{BAF9549A-36C9-4C9B-914D-EF2D04EAFBE4}.Debug|Any CPU.Build.0 = Debug|Any CPU
		{BAF9549A-36C9-4C9B-914D-EF2D04EAFBE4}.Release|Any CPU.ActiveCfg = Release|Any CPU
		{BAF9549A-36C9-4C9B-914D-EF2D04EAFBE4}.Release|Any CPU.Build.0 = Release|Any CPU
	EndGlobalSection
	GlobalSection(SolutionProperties) = preSolution
		HideSolutionNode = FALSE
	EndGlobalSection
	GlobalSection(ExtensibilityGlobals) = postSolution
		SolutionGuid = {A3F5462A-4400-4351-B347-18CAB331B1C6}
	EndGlobalSection
EndGlobal
